
Microsoft Visual Studio Solution File, Format Version 12.00
# Visual Studio Version 17
VisualStudioVersion = 17.2.32516.85
MinimumVisualStudioVersion = 10.0.40219.1
Project("{9A19103F-16F7-4668-BE54-9A1E7A4F7556}") = "FinanceTracker", "FinanceTracker\FinanceTracker.csproj", "{C394D6CD-07CD-401C-9816-09BFC2B9053B}"
EndProject
Project("{54435603-DBB4-11D2-8724-00A0C9A8B90C}") = "FinanceTracker.Setup", "FinanceTracker.Setup\FinanceTracker.Setup.vdproj", "{94B98834-EACC-4C98-9DA4-EFE14B86DDA3}"
EndProject
Global
	GlobalSection(SolutionConfigurationPlatforms) = preSolution
		Debug|Any CPU = Debug|Any CPU
		Release|Any CPU = Release|Any CPU
	EndGlobalSection
	GlobalSection(ProjectConfigurationPlatforms) = postSolution
		{C394D6CD-07CD-401C-9816-09BFC2B9053B}.Debug|Any CPU.ActiveCfg = Debug|Any CPU
		{C394D6CD-07CD-401C-9816-09BFC2B9053B}.Debug|Any CPU.Build.0 = Debug|Any CPU
		{C394D6CD-07CD-401C-9816-09BFC2B9053B}.Release|Any CPU.ActiveCfg = Release|Any CPU
		{C394D6CD-07CD-401C-9816-09BFC2B9053B}.Release|Any CPU.Build.0 = Release|Any CPU
		{94B98834-EACC-4C98-9DA4-EFE14B86DDA3}.Debug|Any CPU.ActiveCfg = Debug
		{94B98834-EACC-4C98-9DA4-EFE14B86DDA3}.Debug|Any CPU.Build.0 = Debug
		{94B98834-EACC-4C98-9DA4-EFE14B86DDA3}.Release|Any CPU.ActiveCfg = Release
		{94B98834-EACC-4C98-9DA4-EFE14B86DDA3}.Release|Any CPU.Build.0 = Release
	EndGlobalSection
	GlobalSection(SolutionProperties) = preSolution
		HideSolutionNode = FALSE
	EndGlobalSection
	GlobalSection(ExtensibilityGlobals) = postSolution
		SolutionGuid = {E93331EA-2838-4D17-B21C-D49079C9963B}
	EndGlobalSection
EndGlobal
